github.com/amerioca/dyndns v0.1.3 h1:Zk97qsV9PpjoiOJfCDDY8HRUKU03g9wrXp28DtJ5/0g=
github.com/amerioca/dyndns v0.1.3/go.mod h1:qld6PneA4zZz8f3T504iieCI9RNpOS5OXFKsd1eUqRk=
github.com/joho/godotenv v1.4.0 h1:3l4+N6zfMWnkbPEXKng2o2/MR5mSwTrBih4ZEkkz1lg=
github.com/joho/godotenv v1.4.0/go.mod h1:f4LDr5Voq0i2e/R5DDNOoa2zzDfwtkZa6DnEwAbqwq4=
github.com/oze4/godaddygo v1.3.30 h1:0sygRK2AOapWe6uhK/hQ6oxJU1hO9SOMy842HWcmBBA=
github.com/oze4/godaddygo v1.3.30/go.mod h1:oDe8ozraT5dutgGNmmuCcafKEiQ5wM9KVBpX35Yxt/s=
